{
  "requires": true,
  "lockfileVersion": 1,
  "dependencies": {
    "faker": {
      "version": "5.0.0",
      "resolved": "https://registry.npmjs.org/faker/-/faker-5.0.0.tgz",
      "integrity": "sha512-wBY77PYhJOqq2cji+l8Gc8HWW7rKlwJvJgV/fbanGlm92/MImBGX51VLQN/DbDvzexmt+EFjQ4SeytCb45AJ1g=="
    }
  }
}
